
Microsoft Visual Studio Solution File, Format Version 12.00
# Visual Studio Version 17
VisualStudioVersion = 17.8.34525.116
MinimumVisualStudioVersion = 10.0.40219.1
Project("{9A19103F-16F7-4668-BE54-9A1E7A4F7556}") = "Mockable.Core", "src\Mockable.Core\Mockable.Core.csproj", "{4C0376FA-0AF3-4A6C-8446-4069BF35098C}"
EndProject
Project("{2150E333-8FDC-42A3-9474-1A3956D46DE8}") = "test", "test", "{F2A86F8F-6CDC-480D-8035-594C07B41203}"
EndProject
Project("{9A19103F-16F7-4668-BE54-9A1E7A4F7556}") = "Mockable.Core.Tests", "test\Mockable.Core.Tests\Mockable.Core.Tests.csproj", "{E1412731-8901-4F24-B64E-CBBF19565442}"
EndProject
Project("{9A19103F-16F7-4668-BE54-9A1E7A4F7556}") = "Mockable.Moq", "src\Mockable.Moq\Mockable.Moq.csproj", "{C6E6D34C-925D-4118-BD62-FF9A41CB6525}"
EndProject
Project("{9A19103F-16F7-4668-BE54-9A1E7A4F7556}") = "Mockable.Moq.Tests", "test\Mockable.Moq.Tests\Mockable.Moq.Tests.csproj", "{1FABF243-5C6E-487A-8907-C4D01C9C2231}"
EndProject
Project("{2150E333-8FDC-42A3-9474-1A3956D46DE8}") = "example", "example", "{0690E034-E670-4AC1-B8DC-7D15781C629E}"
EndProject
Project("{9A19103F-16F7-4668-BE54-9A1E7A4F7556}") = "Mockable.Example.UkDates", "example\Mockable.Example.UkDates\Mockable.Example.UkDates.csproj", "{E611ECE5-B049-4367-A020-6401919EE548}"
EndProject
Project("{9A19103F-16F7-4668-BE54-9A1E7A4F7556}") = "Mockable.Example.UkDates.Tests", "example\Mockable.Example.UkDates.Tests\Mockable.Example.UkDates.Tests.csproj", "{B8F70BAB-2241-40F4-812A-03331E948328}"
EndProject
Project("{9A19103F-16F7-4668-BE54-9A1E7A4F7556}") = "Mockable.FakeItEasy", "src\Mockable.FakeItEasy\Mockable.FakeItEasy.csproj", "{C83AA8B8-AC7E-4381-90E3-F5FBFD44F9EA}"
EndProject
Project("{9A19103F-16F7-4668-BE54-9A1E7A4F7556}") = "Mockable.FakeItEasy.Tests", "test\Mockable.FakeItEasy.Tests\Mockable.FakeItEasy.Tests.csproj", "{262544DB-0B08-4180-8F7E-09E5AA13A8CF}"
EndProject
Project("{2150E333-8FDC-42A3-9474-1A3956D46DE8}") = "Solution Items", "Solution Items", "{2D023A7C-21A3-4699-8559-00CB3C5B0FD5}"
	ProjectSection(SolutionItems) = preProject
		azure-pipelines.yml = azure-pipelines.yml
		LICENSE.txt = LICENSE.txt
		mockable.png = mockable.png
		README.md = README.md
	EndProjectSection
EndProject
Project("{FAE04EC0-301F-11D3-BF4B-00C04F79EFBC}") = "Mockable.NSubstitute", "src\Mockable.NSubstitute\Mockable.NSubstitute.csproj", "{706F118C-3E55-4136-9D0E-39028F3F2DAB}"
EndProject
Project("{FAE04EC0-301F-11D3-BF4B-00C04F79EFBC}") = "Mockable.NSubstitute.Tests", "test\Mockable.NSubstitute.Tests\Mockable.NSubstitute.Tests.csproj", "{5EA74486-0F68-42BE-8458-F568B610A08C}"
EndProject
Global
	GlobalSection(SolutionConfigurationPlatforms) = preSolution
		Debug|Any CPU = Debug|Any CPU
		Release|Any CPU = Release|Any CPU
	EndGlobalSection
	GlobalSection(ProjectConfigurationPlatforms) = postSolution
		{4C0376FA-0AF3-4A6C-8446-4069BF35098C}.Debug|Any CPU.ActiveCfg = Debug|Any CPU
		{4C0376FA-0AF3-4A6C-8446-4069BF35098C}.Debug|Any CPU.Build.0 = Debug|Any CPU
		{4C0376FA-0AF3-4A6C-8446-4069BF35098C}.Release|Any CPU.ActiveCfg = Release|Any CPU
		{4C0376FA-0AF3-4A6C-8446-4069BF35098C}.Release|Any CPU.Build.0 = Release|Any CPU
		{E1412731-8901-4F24-B64E-CBBF19565442}.Debug|Any CPU.ActiveCfg = Debug|Any CPU
		{E1412731-8901-4F24-B64E-CBBF19565442}.Debug|Any CPU.Build.0 = Debug|Any CPU
		{E1412731-8901-4F24-B64E-CBBF19565442}.Release|Any CPU.ActiveCfg = Release|Any CPU
		{E1412731-8901-4F24-B64E-CBBF19565442}.Release|Any CPU.Build.0 = Release|Any CPU
		{C6E6D34C-925D-4118-BD62-FF9A41CB6525}.Debug|Any CPU.ActiveCfg = Debug|Any CPU
		{C6E6D34C-925D-4118-BD62-FF9A41CB6525}.Debug|Any CPU.Build.0 = Debug|Any CPU
		{C6E6D34C-925D-4118-BD62-FF9A41CB6525}.Release|Any CPU.ActiveCfg = Release|Any CPU
		{C6E6D34C-925D-4118-BD62-FF9A41CB6525}.Release|Any CPU.Build.0 = Release|Any CPU
		{1FABF243-5C6E-487A-8907-C4D01C9C2231}.Debug|Any CPU.ActiveCfg = Debug|Any CPU
		{1FABF243-5C6E-487A-8907-C4D01C9C2231}.Debug|Any CPU.Build.0 = Debug|Any CPU
		{1FABF243-5C6E-487A-8907-C4D01C9C2231}.Release|Any CPU.ActiveCfg = Release|Any CPU
		{1FABF243-5C6E-487A-8907-C4D01C9C2231}.Release|Any CPU.Build.0 = Release|Any CPU
		{E611ECE5-B049-4367-A020-6401919EE548}.Debug|Any CPU.ActiveCfg = Debug|Any CPU
		{E611ECE5-B049-4367-A020-6401919EE548}.Debug|Any CPU.Build.0 = Debug|Any CPU
		{E611ECE5-B049-4367-A020-6401919EE548}.Release|Any CPU.ActiveCfg = Release|Any CPU
		{E611ECE5-B049-4367-A020-6401919EE548}.Release|Any CPU.Build.0 = Release|Any CPU
		{B8F70BAB-2241-40F4-812A-03331E948328}.Debug|Any CPU.ActiveCfg = Debug|Any CPU
		{B8F70BAB-2241-40F4-812A-03331E948328}.Debug|Any CPU.Build.0 = Debug|Any CPU
		{B8F70BAB-2241-40F4-812A-03331E948328}.Release|Any CPU.ActiveCfg = Release|Any CPU
		{B8F70BAB-2241-40F4-812A-03331E948328}.Release|Any CPU.Build.0 = Release|Any CPU
		{C83AA8B8-AC7E-4381-90E3-F5FBFD44F9EA}.Debug|Any CPU.ActiveCfg = Debug|Any CPU
		{C83AA8B8-AC7E-4381-90E3-F5FBFD44F9EA}.Debug|Any CPU.Build.0 = Debug|Any CPU
		{C83AA8B8-AC7E-4381-90E3-F5FBFD44F9EA}.Release|Any CPU.ActiveCfg = Release|Any CPU
		{C83AA8B8-AC7E-4381-90E3-F5FBFD44F9EA}.Release|Any CPU.Build.0 = Release|Any CPU
		{262544DB-0B08-4180-8F7E-09E5AA13A8CF}.Debug|Any CPU.ActiveCfg = Debug|Any CPU
		{262544DB-0B08-4180-8F7E-09E5AA13A8CF}.Debug|Any CPU.Build.0 = Debug|Any CPU
		{262544DB-0B08-4180-8F7E-09E5AA13A8CF}.Release|Any CPU.ActiveCfg = Release|Any CPU
		{262544DB-0B08-4180-8F7E-09E5AA13A8CF}.Release|Any CPU.Build.0 = Release|Any CPU
		{706F118C-3E55-4136-9D0E-39028F3F2DAB}.Debug|Any CPU.ActiveCfg = Debug|Any CPU
		{706F118C-3E55-4136-9D0E-39028F3F2DAB}.Debug|Any CPU.Build.0 = Debug|Any CPU
		{706F118C-3E55-4136-9D0E-39028F3F2DAB}.Release|Any CPU.ActiveCfg = Release|Any CPU
		{706F118C-3E55-4136-9D0E-39028F3F2DAB}.Release|Any CPU.Build.0 = Release|Any CPU
		{5EA74486-0F68-42BE-8458-F568B610A08C}.Debug|Any CPU.ActiveCfg = Debug|Any CPU
		{5EA74486-0F68-42BE-8458-F568B610A08C}.Debug|Any CPU.Build.0 = Debug|Any CPU
		{5EA74486-0F68-42BE-8458-F568B610A08C}.Release|Any CPU.ActiveCfg = Release|Any CPU
		{5EA74486-0F68-42BE-8458-F568B610A08C}.Release|Any CPU.Build.0 = Release|Any CPU
	EndGlobalSection
	GlobalSection(SolutionProperties) = preSolution
		HideSolutionNode = FALSE
	EndGlobalSection
	GlobalSection(NestedProjects) = preSolution
		{E1412731-8901-4F24-B64E-CBBF19565442} = {F2A86F8F-6CDC-480D-8035-594C07B41203}
		{1FABF243-5C6E-487A-8907-C4D01C9C2231} = {F2A86F8F-6CDC-480D-8035-594C07B41203}
		{E611ECE5-B049-4367-A020-6401919EE548} = {0690E034-E670-4AC1-B8DC-7D15781C629E}
		{B8F70BAB-2241-40F4-812A-03331E948328} = {0690E034-E670-4AC1-B8DC-7D15781C629E}
		{262544DB-0B08-4180-8F7E-09E5AA13A8CF} = {F2A86F8F-6CDC-480D-8035-594C07B41203}
		{5EA74486-0F68-42BE-8458-F568B610A08C} = {F2A86F8F-6CDC-480D-8035-594C07B41203}
	EndGlobalSection
	GlobalSection(ExtensibilityGlobals) = postSolution
		SolutionGuid = {B0862ECC-FB83-4A18-9E0A-3CE5A4BE7686}
	EndGlobalSection
EndGlobal
